// !$*UTF8*$!
{
	archiveVersion = 1;
	classes = {
	};
	objectVersion = 50;
	objects = {

/* Begin PBXBuildFile section */
		A12AAE4E22137CA0001FFE44 /* AppDelegate.swift in Sources */ = {isa = PBXBuildFile; fileRef = A12AAE4D22137CA0001FFE44 /* AppDelegate.swift */; };
		A12AAE5022137CA0001FFE44 /* ViewController.swift in Sources */ = {isa = PBXBuildFile; fileRef = A12AAE4F22137CA0001FFE44 /* ViewController.swift */; };
		A12AAE5322137CA0001FFE44 /* Main.storyboard in Resources */ = {isa = PBXBuildFile; fileRef = A12AAE5122137CA0001FFE44 /* Main.storyboard */; };
		A12AAE5622137CA1001FFE44 /* focusTomato3.xcdatamodeld in Sources */ = {isa = PBXBuildFile; fileRef = A12AAE5422137CA0001FFE44 /* focusTomato3.xcdatamodeld */; };
		A12AAE5822137CA4001FFE44 /* Assets.xcassets in Resources */ = {isa = PBXBuildFile; fileRef = A12AAE5722137CA4001FFE44 /* Assets.xcassets */; };
		A12AAE5B22137CA6001FFE44 /* LaunchScreen.storyboard in Resources */ = {isa = PBXBuildFile; fileRef = A12AAE5922137CA6001FFE44 /* LaunchScreen.storyboard */; };
		A12AAE6622137CA9001FFE44 /* focusTomato3Tests.swift in Sources */ = {isa = PBXBuildFile; fileRef = A12AAE6522137CA8001FFE44 /* focusTomato3Tests.swift */; };
		A12AAE7122137D43001FFE44 /* TableViewController.swift in Sources */ = {isa = PBXBuildFile; fileRef = A12AAE7022137D43001FFE44 /* TableViewController.swift */; };
		A12AAE7322137DEE001FFE44 /* Activity.swift in Sources */ = {isa = PBXBuildFile; fileRef = A12AAE7222137DEE001FFE44 /* Activity.swift */; };
		A12AAE7722138A83001FFE44 /* TableViewCell.swift in Sources */ = {isa = PBXBuildFile; fileRef = A12AAE7622138A83001FFE44 /* TableViewCell.swift */; };
		A16E97E7221F488000743799 /* SignInViewController.swift in Sources */ = {isa = PBXBuildFile; fileRef = A16E97E6221F488000743799 /* SignInViewController.swift */; };
/* End PBXBuildFile section */

/* Begin PBXContainerItemProxy section */
		A12AAE6222137CA7001FFE44 /* PBXContainerItemProxy */ = {
			isa = PBXContainerItemProxy;
			containerPortal = A12AAE4222137C9F001FFE44 /* Project object */;
			proxyType = 1;
			remoteGlobalIDString = A12AAE4922137C9F001FFE44;
			remoteInfo = focusTomato3;
		};
/* End PBXContainerItemProxy section */

/* Begin PBXFileReference section */
		A12AAE4A22137C9F001FFE44 /* focusTomato3.app */ = {isa = PBXFileReference; explicitFileType = wrapper.application; includeInIndex = 0; path = focusTomato3.app; sourceTree = BUILT_PRODUCTS_DIR; };
		A12AAE4D22137CA0001FFE44 /* AppDelegate.swift */ = {isa = PBXFileReference; lastKnownFileType = sourcecode.swift; path = AppDelegate.swift; sourceTree = "<group>"; };
		A12AAE4F22137CA0001FFE44 /* ViewController.swift */ = {isa = PBXFileReference; lastKnownFileType = sourcecode.swift; path = ViewController.swift; sourceTree = "<group>"; };
		A12AAE5222137CA0001FFE44 /* Base */ = {isa = PBXFileReference; lastKnownFileType = file.storyboard; name = Base; path = Base.lproj/Main.storyboard; sourceTree = "<group>"; };
		A12AAE5522137CA1001FFE44 /* focusTomato3.xcdatamodel */ = {isa = PBXFileReference; lastKnownFileType = wrapper.xcdatamodel; path = focusTomato3.xcdatamodel; sourceTree = "<group>"; };
		A12AAE5722137CA4001FFE44 /* Assets.xcassets */ = {isa = PBXFileReference; lastKnownFileType = folder.assetcatalog; path = Assets.xcassets; sourceTree = "<group>"; };
		A12AAE5A22137CA6001FFE44 /* Base */ = {isa = PBXFileReference; lastKnownFileType = file.storyboard; name = Base; path = Base.lproj/LaunchScreen.storyboard; sourceTree = "<group>"; };
		A12AAE5C22137CA7001FFE44 /* Info.plist */ = {isa = PBXFileReference; lastKnownFileType = text.plist.xml; path = Info.plist; sourceTree = "<group>"; };
		A12AAE6122137CA7001FFE44 /* focusTomato3Tests.xctest */ = {isa = PBXFileReference; explicitFileType = wrapper.cfbundle; includeInIndex = 0; path = focusTomato3Tests.xctest; sourceTree = BUILT_PRODUCTS_DIR; };
		A12AAE6522137CA8001FFE44 /* focusTomato3Tests.swift */ = {isa = PBXFileReference; lastKnownFileType = sourcecode.swift; path = focusTomato3Tests.swift; sourceTree = "<group>"; };
		A12AAE6722137CAC001FFE44 /* Info.plist */ = {isa = PBXFileReference; lastKnownFileType = text.plist.xml; path = Info.plist; sourceTree = "<group>"; };
		A12AAE7022137D43001FFE44 /* TableViewController.swift */ = {isa = PBXFileReference; lastKnownFileType = sourcecode.swift; path = TableViewController.swift; sourceTree = "<group>"; };
		A12AAE7222137DEE001FFE44 /* Activity.swift */ = {isa = PBXFileReference; lastKnownFileType = sourcecode.swift; path = Activity.swift; sourceTree = "<group>"; };
		A12AAE7622138A83001FFE44 /* TableViewCell.swift */ = {isa = PBXFileReference; lastKnownFileType = sourcecode.swift; path = TableViewCell.swift; sourceTree = "<group>"; };
		A16E97E6221F488000743799 /* SignInViewController.swift */ = {isa = PBXFileReference; lastKnownFileType = sourcecode.swift; path = SignInViewController.swift; sourceTree = "<group>"; };
/* End PBXFileReference section */

/* Begin PBXFrameworksBuildPhase section */
		A12AAE4722137C9F001FFE44 /* Frameworks */ = {
			isa = PBXFrameworksBuildPhase;
			buildActionMask = 2147483647;
			files = (
			);
			runOnlyForDeploymentPostprocessing = 0;
		};
		A12AAE5E22137CA7001FFE44 /* Frameworks */ = {
			isa = PBXFrameworksBuildPhase;
			buildActionMask = 2147483647;
			files = (
			);
			runOnlyForDeploymentPostprocessing = 0;
		};
/* End PBXFrameworksBuildPhase section */

/* Begin PBXGroup section */
		A12AAE4122137C9F001FFE44 = {
			isa = PBXGroup;
			children = (
				A12AAE4C22137C9F001FFE44 /* focusTomato3 */,
				A12AAE6422137CA7001FFE44 /* focusTomato3Tests */,
				A12AAE4B22137C9F001FFE44 /* Products */,
			);
			sourceTree = "<group>";
		};
		A12AAE4B22137C9F001FFE44 /* Products */ = {
			isa = PBXGroup;
			children = (
				A12AAE4A22137C9F001FFE44 /* focusTomato3.app */,
				A12AAE6122137CA7001FFE44 /* focusTomato3Tests.xctest */,
			);
			name = Products;
			sourceTree = "<group>";
		};
		A12AAE4C22137C9F001FFE44 /* focusTomato3 */ = {
			isa = PBXGroup;
			children = (
				A12AAE4D22137CA0001FFE44 /* AppDelegate.swift */,
				A12AAE5122137CA0001FFE44 /* Main.storyboard */,
				A16E97E6221F488000743799 /* SignInViewController.swift */,
				A12AAE7022137D43001FFE44 /* TableViewController.swift */,
				A12AAE4F22137CA0001FFE44 /* ViewController.swift */,
				A12AAE7622138A83001FFE44 /* TableViewCell.swift */,
				A12AAE7222137DEE001FFE44 /* Activity.swift */,
				A12AAE5722137CA4001FFE44 /* Assets.xcassets */,
				A12AAE5922137CA6001FFE44 /* LaunchScreen.storyboard */,
				A12AAE5C22137CA7001FFE44 /* Info.plist */,
				A12AAE5422137CA0001FFE44 /* focusTomato3.xcdatamodeld */,
			);
			path = focusTomato3;
			sourceTree = "<group>";
		};
		A12AAE6422137CA7001FFE44 /* focusTomato3Tests */ = {
			isa = PBXGroup;
			children = (
				A12AAE6522137CA8001FFE44 /* focusTomato3Tests.swift */,
				A12AAE6722137CAC001FFE44 /* Info.plist */,
			);
			path = focusTomato3Tests;
			sourceTree = "<group>";
		};
/* End PBXGroup section */

/* Begin PBXNativeTarget section */
		A12AAE4922137C9F001FFE44 /* focusTomato3 */ = {
			isa = PBXNativeTarget;
			buildConfigurationList = A12AAE6A22137CAC001FFE44 /* Build configuration list for PBXNativeTarget "focusTomato3" */;
			buildPhases = (
				A12AAE4622137C9F001FFE44 /* Sources */,
				A12AAE4722137C9F001FFE44 /* Frameworks */,
				A12AAE4822137C9F001FFE44 /* Resources */,
			);
			buildRules = (
			);
			dependencies = (
			);
			name = focusTomato3;
			productName = focusTomato3;
			productReference = A12AAE4A22137C9F001FFE44 /* focusTomato3.app */;
			productType = "com.apple.product-type.application";
		};
		A12AAE6022137CA7001FFE44 /* focusTomato3Tests */ = {
			isa = PBXNativeTarget;
			buildConfigurationList = A12AAE6D22137CAC001FFE44 /* Build configuration list for PBXNativeTarget "focusTomato3Tests" */;
			buildPhases = (
				A12AAE5D22137CA7001FFE44 /* Sources */,
				A12AAE5E22137CA7001FFE44 /* Frameworks */,
				A12AAE5F22137CA7001FFE44 /* Resources */,
			);
			buildRules = (
			);
			dependencies = (
				A12AAE6322137CA7001FFE44 /* PBXTargetDependency */,
			);
			name = focusTomato3Tests;
			productName = focusTomato3Tests;
			productReference = A12AAE6122137CA7001FFE44 /* focusTomato3Tests.xctest */;
			productType = "com.apple.product-type.bundle.unit-test";
		};
/* End PBXNativeTarget section */

/* Begin PBXProject section */
		A12AAE4222137C9F001FFE44 /* Project object */ = {
			isa = PBXProject;
			attributes = {
				LastSwiftUpdateCheck = 1000;
				LastUpgradeCheck = 1000;
				ORGANIZATIONNAME = com.benbassett;
				TargetAttributes = {
					A12AAE4922137C9F001FFE44 = {
						CreatedOnToolsVersion = 10.0;
					};
					A12AAE6022137CA7001FFE44 = {
						CreatedOnToolsVersion = 10.0;
						TestTargetID = A12AAE4922137C9F001FFE44;
					};
				};
			};
			buildConfigurationList = A12AAE4522137C9F001FFE44 /* Build configuration list for PBXProject "focusTomato3" */;
			compatibilityVersion = "Xcode 9.3";
			developmentRegion = en;
			hasScannedForEncodings = 0;
			knownRegions = (
				en,
				Base,
			);
			mainGroup = A12AAE4122137C9F001FFE44;
			productRefGroup = A12AAE4B22137C9F001FFE44 /* Products */;
			projectDirPath = "";
			projectRoot = "";
			targets = (
				A12AAE4922137C9F001FFE44 /* focusTomato3 */,
				A12AAE6022137CA7001FFE44 /* focusTomato3Tests */,
			);
		};
/* End PBXProject section */

/* Begin PBXResourcesBuildPhase section */
		A12AAE4822137C9F001FFE44 /* Resources */ = {
			isa = PBXResourcesBuildPhase;
			buildActionMask = 2147483647;
			files = (
				A12AAE5B22137CA6001FFE44 /* LaunchScreen.storyboard in Resources */,
				A12AAE5822137CA4001FFE44 /* Assets.xcassets in Resources */,
				A12AAE5322137CA0001FFE44 /* Main.storyboard in Resources */,
			);
			runOnlyForDeploymentPostprocessing = 0;
		};
		A12AAE5F22137CA7001FFE44 /* Resources */ = {
			isa = PBXResourcesBuildPhase;
			buildActionMask = 2147483647;
			files = (
			);
			runOnlyForDeploymentPostprocessing = 0;
		};
/* End PBXResourcesBuildPhase section */

/* Begin PBXSourcesBuildPhase section */
		A12AAE4622137C9F001FFE44 /* Sources */ = {
			isa = PBXSourcesBuildPhase;
			buildActionMask = 2147483647;
			files = (
				A16E97E7221F488000743799 /* SignInViewController.swift in Sources */,
				A12AAE7322137DEE001FFE44 /* Activity.swift in Sources */,
				A12AAE5622137CA1001FFE44 /* focusTomato3.xcdatamodeld in Sources */,
				A12AAE5022137CA0001FFE44 /* ViewController.swift in Sources */,
				A12AAE7722138A83001FFE44 /* TableViewCell.swift in Sources */,
				A12AAE4E22137CA0001FFE44 /* AppDelegate.swift in Sources */,
				A12AAE7122137D43001FFE44 /* TableViewController.swift in Sources */,
			);
			runOnlyForDeploymentPostprocessing = 0;
		};
		A12AAE5D22137CA7001FFE44 /* Sources */ = {
			isa = PBXSourcesBuildPhase;
			buildActionMask = 2147483647;
			files = (
				A12AAE6622137CA9001FFE44 /* focusTomato3Tests.swift in Sources */,
			);
			runOnlyForDeploymentPostprocessing = 0;
		};
/* End PBXSourcesBuildPhase section */

/* Begin PBXTargetDependency section */
		A12AAE6322137CA7001FFE44 /* PBXTargetDependency */ = {
			isa = PBXTargetDependency;
			target = A12AAE4922137C9F001FFE44 /* focusTomato3 */;
			targetProxy = A12AAE6222137CA7001FFE44 /* PBXContainerItemProxy */;
		};
/* End PBXTargetDependency section */

/* Begin PBXVariantGroup section */
		A12AAE5122137CA0001FFE44 /* Main.storyboard */ = {
			isa = PBXVariantGroup;
			children = (
				A12AAE5222137CA0001FFE44 /* Base */,
			);
			name = Main.storyboard;
			sourceTree = "<group>";
		};
		A12AAE5922137CA6001FFE44 /* LaunchScreen.storyboard */ = {
			isa = PBXVariantGroup;
			children = (
				A12AAE5A22137CA6001FFE44 /* Base */,
			);
			name = LaunchScreen.storyboard;
			sourceTree = "<group>";
		};
/* End PBXVariantGroup section */

/* Begin XCBuildConfiguration section */
		A12AAE6822137CAC001FFE44 /* Debug */ = {
			isa = XCBuildConfiguration;
			buildSettings = {
				ALWAYS_SEARCH_USER_PATHS = NO;
				CLANG_ANALYZER_NONNULL = YES;
				CLANG_ANALYZER_NUMBER_OBJECT_CONVERSION = YES_AGGRESSIVE;
				CLANG_CXX_LANGUAGE_STANDARD = "gnu++14";
				CLANG_CXX_LIBRARY = "libc++";
				CLANG_ENABLE_MODULES = YES;
				CLANG_ENABLE_OBJC_ARC = YES;
				CLANG_ENABLE_OBJC_WEAK = YES;
				CLANG_WARN_BLOCK_CAPTURE_AUTORELEASING = YES;
				CLANG_WARN_BOOL_CONVERSION = YES;
				CLANG_WARN_COMMA = YES;
				CLANG_WARN_CONSTANT_CONVERSION = YES;
				CLANG_WARN_DEPRECATED_OBJC_IMPLEMENTATIONS = YES;
				CLANG_WARN_DIRECT_OBJC_ISA_USAGE = YES_ERROR;
				CLANG_WARN_DOCUMENTATION_COMMENTS = YES;
				CLANG_WARN_EMPTY_BODY = YES;
				CLANG_WARN_ENUM_CONVERSION = YES;
				CLANG_WARN_INFINITE_RECURSION = YES;
				CLANG_WARN_INT_CONVERSION = YES;
				CLANG_WARN_NON_LITERAL_NULL_CONVERSION = YES;
				CLANG_WARN_OBJC_IMPLICIT_RETAIN_SELF = YES;
				CLANG_WARN_OBJC_LITERAL_CONVERSION = YES;
				CLANG_WARN_OBJC_ROOT_CLASS = YES_ERROR;
				CLANG_WARN_RANGE_LOOP_ANALYSIS = YES;
				CLANG_WARN_STRICT_PROTOTYPES = YES;
				CLANG_WARN_SUSPICIOUS_MOVE = YES;
				CLANG_WARN_UNGUARDED_AVAILABILITY = YES_AGGRESSIVE;
				CLANG_WARN_UNREACHABLE_CODE = YES;
				CLANG_WARN__DUPLICATE_METHOD_MATCH = YES;
				CODE_SIGN_IDENTITY = "iPhone Developer";
				COPY_PHASE_STRIP = NO;
				DEBUG_INFORMATION_FORMAT = dwarf;
				ENABLE_STRICT_OBJC_MSGSEND = YES;
				ENABLE_TESTABILITY = YES;
				GCC_C_LANGUAGE_STANDARD = gnu11;
				GCC_DYNAMIC_NO_PIC = NO;
				GCC_NO_COMMON_BLOCKS = YES;
				GCC_OPTIMIZATION_LEVEL = 0;
				GCC_PREPROCESSOR_DEFINITIONS = (
					"DEBUG=1",
					"$(inherited)",
				);
				GCC_WARN_64_TO_32_BIT_CONVERSION = YES;
				GCC_WARN_ABOUT_RETURN_TYPE = YES_ERROR;
				GCC_WARN_UNDECLARED_SELECTOR = YES;
				GCC_WARN_UNINITIALIZED_AUTOS = YES_AGGRESSIVE;
				GCC_WARN_UNUSED_FUNCTION = YES;
				GCC_WARN_UNUSED_VARIABLE = YES;
				IPHONEOS_DEPLOYMENT_TARGET = 12.0;
				MTL_ENABLE_DEBUG_INFO = INCLUDE_SOURCE;
				MTL_FAST_MATH = YES;
				ONLY_ACTIVE_ARCH = YES;
				SDKROOT = iphoneos;
				SWIFT_ACTIVE_COMPILATION_CONDITIONS = DEBUG;
				SWIFT_OPTIMIZATION_LEVEL = "-Onone";
			};
			name = Debug;
		};
		A12AAE6922137CAC001FFE44 /* Release */ = {
			isa = XCBuildConfiguration;
			buildSettings = {
				ALWAYS_SEARCH_USER_PATHS = NO;
				CLANG_ANALYZER_NONNULL = YES;
				CLANG_ANALYZER_NUMBER_OBJECT_CONVERSION = YES_AGGRESSIVE;
				CLANG_CXX_LANGUAGE_STANDARD = "gnu++14";
				CLANG_CXX_LIBRARY = "libc++";
				CLANG_ENABLE_MODULES = YES;
				CLANG_ENABLE_OBJC_ARC = YES;
				CLANG_ENABLE_OBJC_WEAK = YES;
				CLANG_WARN_BLOCK_CAPTURE_AUTORELEASING = YES;
				CLANG_WARN_BOOL_CONVERSION = YES;
				CLANG_WARN_COMMA = YES;
				CLANG_WARN_CONSTANT_CONVERSION = YES;
				CLANG_WARN_DEPRECATED_OBJC_IMPLEMENTATIONS = YES;
				CLANG_WARN_DIRECT_OBJC_ISA_USAGE = YES_ERROR;
				CLANG_WARN_DOCUMENTATION_COMMENTS = YES;
				CLANG_WARN_EMPTY_BODY = YES;
				CLANG_WARN_ENUM_CONVERSION = YES;
				CLANG_WARN_INFINITE_RECURSION = YES;
				CLANG_WARN_INT_CONVERSION = YES;
				CLANG_WARN_NON_LITERAL_NULL_CONVERSION = YES;
				CLANG_WARN_OBJC_IMPLICIT_RETAIN_SELF = YES;
				CLANG_WARN_OBJC_LITERAL_CONVERSION = YES;
				CLANG_WARN_OBJC_ROOT_CLASS = YES_ERROR;
				CLANG_WARN_RANGE_LOOP_ANALYSIS = YES;
				CLANG_WARN_STRICT_PROTOTYPES = YES;
				CLANG_WARN_SUSPICIOUS_MOVE = YES;
				CLANG_WARN_UNGUARDED_AVAILABILITY = YES_AGGRESSIVE;
				CLANG_WARN_UNREACHABLE_CODE = YES;
				CLANG_WARN__DUPLICATE_METHOD_MATCH = YES;
				CODE_SIGN_IDENTITY = "iPhone Developer";
				COPY_PHASE_STRIP = NO;
				DEBUG_INFORMATION_FORMAT = "dwarf-with-dsym";
				ENABLE_NS_ASSERTIONS = NO;
				ENABLE_STRICT_OBJC_MSGSEND = YES;
				GCC_C_LANGUAGE_STANDARD = gnu11;
				GCC_NO_COMMON_BLOCKS = YES;
				GCC_WARN_64_TO_32_BIT_CONVERSION = YES;
				GCC_WARN_ABOUT_RETURN_TYPE = YES_ERROR;
				GCC_WARN_UNDECLARED_SELECTOR = YES;
				GCC_WARN_UNINITIALIZED_AUTOS = YES_AGGRESSIVE;
				GCC_WARN_UNUSED_FUNCTION = YES;
				GCC_WARN_UNUSED_VARIABLE = YES;
				IPHONEOS_DEPLOYMENT_TARGET = 12.0;
				MTL_ENABLE_DEBUG_INFO = NO;
				MTL_FAST_MATH = YES;
				SDKROOT = iphoneos;
				SWIFT_COMPILATION_MODE = wholemodule;
				SWIFT_OPTIMIZATION_LEVEL = "-O";
				VALIDATE_PRODUCT = YES;
			};
			name = Release;
		};
		A12AAE6B22137CAC001FFE44 /* Debug */ = {
			isa = XCBuildConfiguration;
			buildSettings = {
				ASSETCATALOG_COMPILER_APPICON_NAME = AppIcon;
				CODE_SIGN_STYLE = Automatic;
				DEVELOPMENT_TEAM = 929934N48B;
				INFOPLIST_FILE = focusTomato3/Info.plist;
				LD_RUNPATH_SEARCH_PATHS = (
					"$(inherited)",
					"@executable_path/Frameworks",
				);
				PRODUCT_BUNDLE_IDENTIFIER = focusBUDi.focusTomato3;
				PRODUCT_NAME = "$(TARGET_NAME)";
				SWIFT_VERSION = 4.2;
				TARGETED_DEVICE_FAMILY = "1,2";
			};
			name = Debug;
		};
		A12AAE6C22137CAC001FFE44 /* Release */ = {
			isa = XCBuildConfiguration;
			buildSettings = {
				ASSETCATALOG_COMPILER_APPICON_NAME = AppIcon;
				CODE_SIGN_STYLE = Automatic;
				DEVELOPMENT_TEAM = 929934N48B;
				INFOPLIST_FILE = focusTomato3/Info.plist;
				LD_RUNPATH_SEARCH_PATHS = (
					"$(inherited)",
					"@executable_path/Frameworks",
				);
				PRODUCT_BUNDLE_IDENTIFIER = focusBUDi.focusTomato3;
				PRODUCT_NAME = "$(TARGET_NAME)";
				SWIFT_VERSION = 4.2;
				TARGETED_DEVICE_FAMILY = "1,2";
			};
			name = Release;
		};
		A12AAE6E22137CAC001FFE44 /* Debug */ = {
			isa = XCBuildConfiguration;
			buildSettings = {
				ALWAYS_EMBED_SWIFT_STANDARD_LIBRARIES = YES;
				BUNDLE_LOADER = "$(TEST_HOST)";
				CODE_SIGN_STYLE = Automatic;
				INFOPLIST_FILE = focusTomato3Tests/Info.plist;
				LD_RUNPATH_SEARCH_PATHS = (
					"$(inherited)",
					"@executable_path/Frameworks",
					"@loader_path/Frameworks",
				);
				PRODUCT_BUNDLE_IDENTIFIER = focusBUDi.focusTomato3Tests;
				PRODUCT_NAME = "$(TARGET_NAME)";
				SWIFT_VERSION = 4.2;
				TARGETED_DEVICE_FAMILY = "1,2";
				TEST_HOST = "$(BUILT_PRODUCTS_DIR)/focusTomato3.app/focusTomato3";
			};
			name = Debug;
		};
		A12AAE6F22137CAC001FFE44 /* Release */ = {
			isa = XCBuildConfiguration;
			buildSettings = {
				ALWAYS_EMBED_SWIFT_STANDARD_LIBRARIES = YES;
				BUNDLE_LOADER = "$(TEST_HOST)";
				CODE_SIGN_STYLE = Automatic;
				INFOPLIST_FILE = focusTomato3Tests/Info.plist;
				LD_RUNPATH_SEARCH_PATHS = (
					"$(inherited)",
					"@executable_path/Frameworks",
					"@loader_path/Frameworks",
				);
				PRODUCT_BUNDLE_IDENTIFIER = focusBUDi.focusTomato3Tests;
				PRODUCT_NAME = "$(TARGET_NAME)";
				SWIFT_VERSION = 4.2;
				TARGETED_DEVICE_FAMILY = "1,2";
				TEST_HOST = "$(BUILT_PRODUCTS_DIR)/focusTomato3.app/focusTomato3";
			};
			name = Release;
		};
/* End XCBuildConfiguration section */

/* Begin XCConfigurationList section */
		A12AAE4522137C9F001FFE44 /* Build configuration list for PBXProject "focusTomato3" */ = {
			isa = XCConfigurationList;
			buildConfigurations = (
				A12AAE6822137CAC001FFE44 /* Debug */,
				A12AAE6922137CAC001FFE44 /* Release */,
			);
			defaultConfigurationIsVisible = 0;
			defaultConfigurationName = Release;
		};
		A12AAE6A22137CAC001FFE44 /* Build configuration list for PBXNativeTarget "focusTomato3" */ = {
			isa = XCConfigurationList;
			buildConfigurations = (
				A12AAE6B22137CAC001FFE44 /* Debug */,
				A12AAE6C22137CAC001FFE44 /* Release */,
			);
			defaultConfigurationIsVisible = 0;
			defaultConfigurationName = Release;
		};
		A12AAE6D22137CAC001FFE44 /* Build configuration list for PBXNativeTarget "focusTomato3Tests" */ = {
			isa = XCConfigurationList;
			buildConfigurations = (
				A12AAE6E22137CAC001FFE44 /* Debug */,
				A12AAE6F22137CAC001FFE44 /* Release */,
			);
			defaultConfigurationIsVisible = 0;
			defaultConfigurationName = Release;
		};
/* End XCConfigurationList section */

/* Begin XCVersionGroup section */
		A12AAE5422137CA0001FFE44 /* focusTomato3.xcdatamodeld */ = {
			isa = XCVersionGroup;
			children = (
				A12AAE5522137CA1001FFE44 /* focusTomato3.xcdatamodel */,
			);
			currentVersion = A12AAE5522137CA1001FFE44 /* focusTomato3.xcdatamodel */;
			path = focusTomato3.xcdatamodeld;
			sourceTree = "<group>";
			versionGroupType = wrapper.xcdatamodel;
		};
/* End XCVersionGroup section */
	};
	rootObject = A12AAE4222137C9F001FFE44 /* Project object */;
}
